#MicroXplorer Configuration settings - do not modify
Mcu.Family=STM32F4
PC3.Mode=Half_Duplex_Master
ProjectManager.MainLocation=Src
PD12.GPIO_Label=GPIO7
Dma.SPI2_TX.0.MemInc=DMA_MINC_ENABLE
PH0-OSC_IN.Signal=RCC_OSC_IN
RCC.CortexFreq_Value=167936000
ProjectManager.KeepUserCode=true
Mcu.UserName=STM32F407VGTx
PE11.GPIOParameters=GPIO_Label
FATFS0.BSP.semaphore=
PD9.GPIOParameters=GPIO_Label
FATFS0.BSP.api=Unknown
PB10.Mode=Half_Duplex_Master
VP_FATFS_VS_SDIO.Mode=SDIO
Dma.TIM3_CH2.1.Mode=DMA_CIRCULAR
PE11.GPIO_Label=LCD_DIG1CC
RCC.PLLCLKFreq_Value=167936000
PC10.Signal=SDIO_D2
PC12.Signal=SDIO_CK
PB14.GPIO_Label=GPIO1
RCC.PLLQCLKFreq_Value=47981714.28571428
PC5.Locked=true
Dma.TIM3_CH2.1.MemDataAlignment=DMA_MDATAALIGN_WORD
PA12.GPIOParameters=GPIO_PuPd,GPIO_Label
ProjectManager.functionlistsort=1-MX_GPIO_Init-GPIO-false-HAL-true,2-MX_DMA_Init-DMA-false-HAL-true,3-SystemClock_Config-RCC-false-HAL-false,4-MX_I2C1_Init-I2C1-false-HAL-true,5-MX_I2S2_Init-I2S2-false-HAL-true,6-MX_SDIO_SD_Init-SDIO-false-HAL-true,7-MX_FATFS_Init-FATFS-false-HAL-false,8-MX_TIM3_Init-TIM3-false-HAL-true,9-MX_TIM2_Init-TIM2-false-HAL-true,10-MX_TIM4_Init-TIM4-false-HAL-true
PA9.GPIOParameters=GPIO_Label
PD8.Locked=true
RCC.RTCFreq_Value=32000
PB0.GPIO_Label=LCD_C
PA6.GPIO_Label=MIDI_OUT
Dma.SPI2_TX.0.RequestParameters=Instance,Direction,PeriphInc,MemInc,PeriphDataAlignment,MemDataAlignment,Mode,Priority,FIFOMode
NVIC.DMA1_Stream4_IRQn=true\:1\:0\:true\:false\:true\:false\:true
PB15.Signal=GPIO_Output
Dma.SPI2_TX.0.Instance=DMA1_Stream4
PinOutPanel.RotationAngle=0
RCC.SYSCLKSource=RCC_SYSCLKSOURCE_PLLCLK
ProjectManager.StackSize=0x400
Dma.SPI2_TX.0.MemDataAlignment=DMA_MDATAALIGN_HALFWORD
Dma.TIM3_CH2.1.PeriphInc=DMA_PINC_DISABLE
PD13.Signal=GPIO_Output
Mcu.IP4=NVIC
Mcu.IP5=RCC
RCC.FCLKCortexFreq_Value=167936000
PD13.Locked=true
Mcu.IP2=I2C1
NVIC.SVCall_IRQn=true\:1\:0\:true\:false\:true\:false\:false
Mcu.IP3=I2S2
Mcu.IP0=DMA
PA12.Locked=true
Mcu.IP1=FATFS
PA12.Signal=GPXTI12
Mcu.UserConstants=
SH.S_TIM3_CH2.ConfNb=1
VP_FATFS_VS_SDIO.Signal=FATFS_VS_SDIO
Dma.TIM3_CH2.1.Priority=DMA_PRIORITY_LOW
Mcu.ThirdPartyNb=0
PD11.GPIO_Label=GPIO6
RCC.HCLKFreq_Value=167936000
Mcu.IPNb=11
RCC.I2SClocksFreq_Value=49152000
TIM2.IPParameters=Prescaler,Period
ProjectManager.PreviousToolchain=STM32CubeIDE
RCC.APB2TimFreq_Value=167936000
TIM3.Period=104
SDIO.IPParameters=ClockBypass,ClockDiv
PB6.Signal=I2C1_SCL
RCC.VcooutputI2S=49152000
Dma.TIM3_CH2.1.PeriphDataAlignment=DMA_PDATAALIGN_WORD
PD8.GPIOParameters=GPIO_Label
PB6.Mode=I2C
PC3.Signal=I2S2_SD
PA8.GPIOParameters=GPIO_Label
Mcu.Pin6=PC5
Mcu.Pin7=PB0
PD8.Signal=GPIO_Output
VP_TIM2_VS_ClockSourceINT.Signal=TIM2_VS_ClockSourceINT
Mcu.Pin8=PB1
PE10.Locked=true
Mcu.Pin9=PE7
Dma.SPI2_TX.0.Mode=DMA_CIRCULAR
RCC.AHBFreq_Value=167936000
PH0-OSC_IN.Mode=HSE-External-Oscillator
FATFS0.BSP.ip=GPIO
Mcu.Pin0=PH0-OSC_IN
Mcu.Pin1=PH1-OSC_OUT
PE14.Locked=true
GPIO.groupedBy=Group By Peripherals
Mcu.Pin2=PC3
Mcu.Pin3=PA6
Mcu.Pin4=PA7
PD10.GPIOParameters=GPIO_Label
NVIC.EXTI15_10_IRQn=true\:1\:0\:true\:false\:true\:true\:true
Mcu.Pin5=PC4
ProjectManager.ProjectBuild=false
RCC.HSE_VALUE=24576000
NVIC.UsageFault_IRQn=true\:1\:0\:true\:false\:true\:false\:false
NVIC.DebugMonitor_IRQn=true\:1\:0\:true\:false\:true\:false\:false
PB3.Mode=Trace_Asynchronous_SW
PA8.Locked=true
FATFS0.BSP.i2caddr=0
Mcu.IP10=TIM4
NVIC.SysTick_IRQn=true\:0\:0\:true\:false\:true\:false\:true
PE13.GPIO_PuPd=GPIO_PULLUP
SH.GPXTI12.0=GPIO_EXTI12
ProjectManager.FirmwarePackage=STM32Cube FW_F4 V1.25.2
MxDb.Version=DB.5.0.60
PB0.GPIOParameters=GPIO_PuPd,GPIO_Label
PE15.Locked=true
PE13.Signal=GPIO_Input
ProjectManager.BackupPrevious=false
Dma.TIM3_CH2.1.MemInc=DMA_MINC_ENABLE
RCC.VCOInputFreq_Value=2048000
PC4.GPIO_Label=LCD_A
PE9.Signal=GPIO_Output
PA14.Mode=Trace_Asynchronous_SW
PE8.Locked=true
PE9.Locked=true
TIM3.Prescaler=0
PB1.GPIO_Label=LCD_D
NVIC.TIM2_IRQn=true\:1\:0\:true\:false\:true\:true\:true
File.Version=6
PC9.Mode=SD_4_bits_Wide_bus
PB7.Signal=I2C1_SDA
I2S2.IPParameters=Instance,VirtualMode,FullDuplexMode,RealAudioFreq,ErrorAudioFreq,AudioFreq,DataFormat
PA8.Signal=GPIO_Output
NVIC.PendSV_IRQn=true\:1\:0\:true\:false\:true\:false\:false
I2S2.DataFormat=I2S_DATAFORMAT_16B
TIM4.Period=41983
PE10.Signal=GPIO_Output
Dma.RequestsNb=2
ProjectManager.HalAssertFull=false
PB0.Locked=true
ProjectManager.ProjectName=LawrenceButton
TIM3.OCPolarity_2=TIM_OCPOLARITY_LOW
PH1-OSC_OUT.Mode=HSE-External-Oscillator
RCC.MCO2PinFreq_Value=167936000
PD13.GPIO_Label=GPIO8
Mcu.Package=LQFP100
PB9.Signal=I2S2_WS
TIM2.Prescaler=0
PB1.Signal=GPIO_Output
PA6.Signal=GPIO_Output
PA7.Locked=true
PD11.Locked=true
PE10.GPIOParameters=GPIO_Label
PD12.Signal=GPIO_Output
FATFS0.BSP.solution=PA9
ProjectManager.ToolChainLocation=
Dma.TIM3_CH2.1.FIFOMode=DMA_FIFOMODE_DISABLE
RCC.LSI_VALUE=32000
VP_SYS_VS_Systick.Signal=SYS_VS_Systick
PE12.GPIO_Label=LCD_DIG2CC
PC11.Mode=SD_4_bits_Wide_bus
PB14.GPIOParameters=GPIO_Label
Dma.TIM3_CH2.1.Instance=DMA1_Stream5
Dma.SPI2_TX.0.PeriphInc=DMA_PINC_DISABLE
FATFS._FS_LOCK=0
RCC.APB2CLKDivider=RCC_HCLK_DIV2
Dma.Request1=TIM3_CH2
RCC.APB1TimFreq_Value=83968000
NVIC.BusFault_IRQn=true\:1\:0\:true\:false\:true\:false\:false
PC4.Locked=true
PC5.Signal=GPIO_Output
PE7.Signal=GPIO_Output
PA12.GPIO_PuPd=GPIO_PULLUP
PE10.GPIO_Label=LCD_DP
Dma.Request0=SPI2_TX
PE12.Locked=true
ProjectManager.CustomerFirmwarePackage=
PC4.GPIOParameters=GPIO_Label
VP_TIM3_VS_ClockSourceINT.Mode=Internal
PB15.Locked=true
PA6.GPIOParameters=GPIO_Label
RCC.PLLSourceVirtual=RCC_PLLSOURCE_HSE
FATFS0.BSP.STBoard=false
I2S2.AudioFreq=I2S_AUDIOFREQ_48K
ProjectManager.ProjectFileName=LawrenceButton.ioc
PE8.GPIOParameters=GPIO_Label
I2S2.Instance=SPI$Index
PE14.GPIOParameters=GPIO_PuPd,GPIO_Label
PD9.GPIO_Label=GPIO4
Mcu.PinsNb=48
TIM3.AutoReloadPreload=TIM_AUTORELOAD_PRELOAD_ENABLE
ProjectManager.NoMain=false
PC11.Signal=SDIO_D3
PA9.GPIO_Label=SDIO_CD
FATFS0.BSP.mode=Input
PC8.Signal=SDIO_D0
Dma.TIM3_CH2.1.Direction=DMA_MEMORY_TO_PERIPH
PC4.Signal=GPIO_Output
PC6.Signal=I2S2_MCK
PC10.Mode=SD_4_bits_Wide_bus
PD13.GPIOParameters=GPIO_Label
ProjectManager.DefaultFWLocation=true
PE14.GPIO_Label=B_NEXT
PD9.Signal=GPIO_Output
ProjectManager.DeletePrevious=true
PB14.Locked=true
RCC.APB1CLKDivider=RCC_HCLK_DIV4
PA12.GPIO_Label=TRIGGER
RCC.FamilyName=M
PE9.GPIOParameters=GPIO_Label
PE15.GPIOParameters=GPIO_PuPd,GPIO_Label
PD8.GPIO_Label=GPIO3
PD12.Locked=true
SDIO.ClockBypass=SDIO_CLOCK_BYPASS_DISABLE
FATFS0.BSP.instance=PA9
PD10.Signal=GPIO_Output
FATFS.IPParameters=_FS_LOCK
PA13.Signal=SYS_JTMS-SWDIO
PA8.GPIO_Label=LED_STATUS
PE15.GPIO_Label=B_STOP
PD12.GPIOParameters=GPIO_Label
VP_TIM4_VS_ClockSourceINT.Signal=TIM4_VS_ClockSourceINT
ProjectManager.TargetToolchain=STM32CubeIDE
TIM4.IPParameters=Prescaler,Period
PE7.GPIOParameters=GPIO_Label
NVIC.DMA1_Stream5_IRQn=true\:1\:0\:true\:false\:true\:false\:true
FATFS0.BSP.condition=
PC6.Mode=Master_Clock_Activated
PE8.GPIO_Label=LCD_F
PC5.GPIOParameters=GPIO_Label
PC6.Locked=true
PB9.Mode=Half_Duplex_Master
PA9.Signal=GPIO_Input
I2S2.VirtualMode=I2S_MODE_MASTER
SH.GPXTI12.ConfNb=1
PB9.Locked=true
SDIO.ClockDiv=4
PD10.GPIO_Label=GPIO5
VP_TIM3_VS_ClockSourceINT.Signal=TIM3_VS_ClockSourceINT
TIM4.Prescaler=79
PE11.Signal=GPIO_Output
RCC.LSE_VALUE=32768
PE9.GPIO_Label=LCD_G
PA7.GPIO_PuPd=GPIO_PULLDOWN
PB1.Locked=true
Mcu.Pin46=VP_TIM3_VS_ClockSourceINT
Mcu.Pin47=VP_TIM4_VS_ClockSourceINT
PB10.Signal=I2S2_CK
RCC.VCOI2SOutputFreq_Value=245760000
PB14.Signal=GPIO_Output
PD2.Mode=SD_4_bits_Wide_bus
FATFS.BSP.number=1
Mcu.Pin40=PB6
SH.S_TIM3_CH2.0=TIM3_CH2,PWM Generation2 CH2
Mcu.Pin41=PB7
PE13.GPIOParameters=GPIO_PuPd,GPIO_Label
PC12.Mode=SD_4_bits_Wide_bus
Mcu.Pin44=VP_SYS_VS_Systick
Mcu.Pin45=VP_TIM2_VS_ClockSourceINT
Mcu.Pin42=PB9
board=custom
Mcu.Pin43=VP_FATFS_VS_SDIO
RCC.VCOOutputFreq_Value=335872000
ProjectManager.LastFirmware=true
PA7.GPIO_Speed=GPIO_SPEED_FREQ_HIGH
PD11.GPIOParameters=GPIO_Label
RCC.APB2Freq_Value=83968000
PE14.Signal=GPIO_Input
PE15.Signal=GPIO_Input
MxCube.Version=5.6.0
Mcu.Pin37=PC12
Mcu.Pin38=PD2
PB15.GPIO_Label=GPIO2
Mcu.Pin35=PC10
VP_TIM2_VS_ClockSourceINT.Mode=Internal
PE8.Signal=GPIO_Output
Mcu.Pin36=PC11
Dma.SPI2_TX.0.PeriphDataAlignment=DMA_PDATAALIGN_HALFWORD
Mcu.Pin39=PB3
FATFS0.BSP.i2creg=
Mcu.Pin30=PA8
VP_SYS_VS_Systick.Mode=SysTick
RCC.EthernetFreq_Value=167936000
Mcu.Pin33=PA13
TIM3.IPParameters=Channel-PWM Generation2 CH2,Prescaler,AutoReloadPreload,Period,OCMode_PWM-PWM Generation2 CH2,OCPolarity_2
PH1-OSC_OUT.Signal=RCC_OSC_OUT
Mcu.Pin34=PA14
Mcu.Pin31=PA9
Mcu.Pin32=PA12
PA9.Locked=true
NVIC.NonMaskableInt_IRQn=true\:0\:0\:false\:false\:true\:false\:false
PE14.GPIO_PuPd=GPIO_PULLUP
TIM2.Period=83968
PE7.Locked=true
PB15.GPIOParameters=GPIO_Label
PA13.Mode=Trace_Asynchronous_SW
ProjectManager.FreePins=false
RCC.IPParameters=48MHZClocksFreq_Value,AHBFreq_Value,APB1CLKDivider,APB1Freq_Value,APB1TimFreq_Value,APB2CLKDivider,APB2Freq_Value,APB2TimFreq_Value,CortexFreq_Value,EthernetFreq_Value,FCLKCortexFreq_Value,FamilyName,HCLKFreq_Value,HSE_VALUE,HSI_VALUE,I2SClocksFreq_Value,LSE_VALUE,LSI_VALUE,MCO2PinFreq_Value,PLLCLKFreq_Value,PLLI2SN,PLLI2SR,PLLM,PLLN,PLLQ,PLLQCLKFreq_Value,PLLSourceVirtual,RTCFreq_Value,RTCHSEDivFreq_Value,SYSCLKFreq_VALUE,SYSCLKSource,VCOI2SOutputFreq_Value,VCOInputFreq_Value,VCOOutputFreq_Value,VcooutputI2S
PE11.Locked=true
ProjectManager.AskForMigrate=true
Mcu.Name=STM32F407V(E-G)Tx
PE7.GPIO_Label=LCD_E
Dma.SPI2_TX.0.FIFOMode=DMA_FIFOMODE_DISABLE
PE12.Signal=GPIO_Output
Mcu.Pin26=PD13
Mcu.Pin27=PC6
RCC.RTCHSEDivFreq_Value=12288000
Mcu.Pin24=PD11
ProjectManager.UnderRoot=true
PE13.Locked=true
Mcu.Pin25=PD12
I2S2.FullDuplexMode=I2S_FULLDUPLEXMODE_DISABLE
Mcu.IP8=TIM2
Mcu.IP9=TIM3
Mcu.Pin28=PC8
Mcu.IP6=SDIO
PC8.Mode=SD_4_bits_Wide_bus
Mcu.Pin29=PC9
Mcu.IP7=SYS
ProjectManager.CoupleFile=false
RCC.48MHZClocksFreq_Value=47981714.28571428
PB3.Signal=SYS_JTDO-SWO
Dma.SPI2_TX.0.Priority=DMA_PRIORITY_VERY_HIGH
RCC.SYSCLKFreq_VALUE=167936000
Mcu.Pin22=PD9
Mcu.Pin23=PD10
PA7.GPIO_Label=WS2812
Mcu.Pin20=PB15
PE13.GPIO_Label=B_PREV
Mcu.Pin21=PD8
PD10.Locked=true
I2S2.ErrorAudioFreq=0.0 %
NVIC.ForceEnableDMAVector=true
KeepUserPlacement=false
PC5.GPIO_Label=LCD_B
PD11.Signal=GPIO_Output
NVIC.MemoryManagement_IRQn=true\:1\:0\:true\:false\:true\:false\:false
ProjectManager.CompilerOptimize=6
PB7.Mode=I2C
PA14.Signal=SYS_JTCK-SWCLK
PE15.GPIO_PuPd=GPIO_PULLUP
ProjectManager.HeapSize=0x200
Mcu.Pin15=PE13
NVIC.HardFault_IRQn=true\:0\:0\:false\:false\:true\:false\:false
Mcu.Pin16=PE14
Mcu.Pin13=PE11
Mcu.Pin14=PE12
Mcu.Pin19=PB14
ProjectManager.ComputerToolchain=false
Mcu.Pin17=PE15
RCC.HSI_VALUE=16000000
Mcu.Pin18=PB10
VP_TIM4_VS_ClockSourceINT.Mode=Internal
RCC.PLLQ=7
NVIC.PriorityGroup=NVIC_PRIORITYGROUP_4
Mcu.Pin11=PE9
Dma.TIM3_CH2.1.RequestParameters=Instance,Direction,PeriphInc,MemInc,PeriphDataAlignment,MemDataAlignment,Mode,Priority,FIFOMode
TIM3.Channel-PWM\ Generation2\ CH2=TIM_CHANNEL_2
Mcu.Pin12=PE10
FATFS0.BSP.component=
RCC.PLLM=12
RCC.PLLN=164
Mcu.Pin10=PE8
PC9.Signal=SDIO_D1
PE12.GPIOParameters=GPIO_Label
PD2.Signal=SDIO_CMD
Dma.SPI2_TX.0.Direction=DMA_MEMORY_TO_PERIPH
NVIC.TIM4_IRQn=true\:1\:0\:true\:false\:true\:true\:true
PD9.Locked=true
RCC.APB1Freq_Value=41984000
RCC.PLLI2SR=5
PB0.Signal=GPIO_Output
I2S2.RealAudioFreq=48.0 KHz
PA7.GPIOParameters=GPIO_Speed,GPIO_PuPd,GPIO_Label
RCC.PLLI2SN=120
ProjectManager.DeviceId=STM32F407VGTx
FATFS0.BSP.name=Detect_SDIO
ProjectManager.LibraryCopy=1
PB0.GPIO_PuPd=GPIO_NOPULL
PB1.GPIOParameters=GPIO_Label
TIM3.OCMode_PWM-PWM\ Generation2\ CH2=TIM_OCMODE_PWM2
PA7.Signal=S_TIM3_CH2
PA6.Locked=true
